{
  "name": "@yellicode/templating",
  "version": "0.3.2",
  "lockfileVersion": 1,
  "requires": true,
  "dependencies": {
    "@types/node": {
      "version": "7.0.67",
      "resolved": "https://registry.npmjs.org/@types/node/-/node-7.0.67.tgz",
      "integrity": "sha512-DUioEWBd0NG30G1/wI0amNN/sSJ/xuX4/YWm4nNa+bUU6swuS7CF+sH/nifu+SPy5BFqRzQEyEWvi9zIDVP+Lw==",
      "dev": true
    },
    "@yellicode/core": {
      "version": "0.1.4",
      "resolved": "https://registry.npmjs.org/@yellicode/core/-/core-0.1.4.tgz",
      "integrity": "sha1-Zpv1F1HCLw2frZLH7nfOIxIe/vA=",
      "requires": {
        "uuid": "3.3.2"
      }
    },
    "@yellicode/elements": {
      "version": "0.2.1",
      "resolved": "https://registry.npmjs.org/@yellicode/elements/-/elements-0.2.1.tgz",
      "integrity": "sha1-cQ/FUe36QubwyxKstr2movkAack=",
      "requires": {
        "@yellicode/core": "0.1.4",
        "lodash": "4.17.10"
      }
    },
    "lodash": {
      "version": "4.17.10",
      "resolved": "https://registry.npmjs.org/lodash/-/lodash-4.17.10.tgz",
      "integrity": "sha512-UejweD1pDoXu+AD825lWwp4ZGtSwgnpZxb3JDViD7StjQz+Nb/6l093lx4OQ0foGWNRoc19mWy7BzL+UAK2iVg=="
    },
    "rollup": {
      "version": "0.50.1",
      "resolved": "https://registry.npmjs.org/rollup/-/rollup-0.50.1.tgz",
      "integrity": "sha512-XwrnqjSTk+yR8GbP6hiJuVe83MVmBw/gm4P3qP34A10fRXvv6ppl0ZUg1+Pj1tIZSR/aw5ZaILLEiVxwXIAdAw==",
      "dev": true
    },
    "uuid": {
      "version": "3.3.2",
      "resolved": "https://registry.npmjs.org/uuid/-/uuid-3.3.2.tgz",
      "integrity": "sha512-yXJmeNaw3DnnKAOKJE51sL/ZaYfWJRl1pK9dr19YFCu0ObS231AB1/LbqTKRAQ5kw8A90rA6fr4riOUpTZvQZA=="
    }
  }
}
